
Microsoft Visual Studio Solution File, Format Version 12.00
# Visual Studio 15
VisualStudioVersion = 15.0.28010.2036
MinimumVisualStudioVersion = 10.0.40219.1
Project("{FAE04EC0-301F-11D3-BF4B-00C04F79EFBC}") = "Hunter.UI", "Hunter.UI\Hunter.UI.csproj", "{531B15F9-9ABA-43AA-B541-2114D7CC0602}"
EndProject
Project("{FAE04EC0-301F-11D3-BF4B-00C04F79EFBC}") = "Hunter.Tests", "Hunter.Tests\Hunter.Tests.csproj", "{49193555-D834-4F96-9FF0-6B31133FD2FF}"
EndProject
Project("{FAE04EC0-301F-11D3-BF4B-00C04F79EFBC}") = "Hunter.LogAggregator", "Hunter.LogAggregator\Hunter.LogAggregator.csproj", "{8235B86B-F45E-4523-856B-7A3F90FE5F59}"
EndProject
Project("{FAE04EC0-301F-11D3-BF4B-00C04F79EFBC}") = "TestClient", "TestClient\TestClient.csproj", "{C77CA3AA-497A-4AB4-B9C3-7E37370F217A}"
EndProject
Global
	GlobalSection(SolutionConfigurationPlatforms) = preSolution
		Debug|Any CPU = Debug|Any CPU
		Release|Any CPU = Release|Any CPU
	EndGlobalSection
	GlobalSection(ProjectConfigurationPlatforms) = postSolution
		{531B15F9-9ABA-43AA-B541-2114D7CC0602}.Debug|Any CPU.ActiveCfg = Debug|Any CPU
		{531B15F9-9ABA-43AA-B541-2114D7CC0602}.Debug|Any CPU.Build.0 = Debug|Any CPU
		{531B15F9-9ABA-43AA-B541-2114D7CC0602}.Release|Any CPU.ActiveCfg = Release|Any CPU
		{531B15F9-9ABA-43AA-B541-2114D7CC0602}.Release|Any CPU.Build.0 = Release|Any CPU
		{49193555-D834-4F96-9FF0-6B31133FD2FF}.Debug|Any CPU.ActiveCfg = Debug|Any CPU
		{49193555-D834-4F96-9FF0-6B31133FD2FF}.Debug|Any CPU.Build.0 = Debug|Any CPU
		{49193555-D834-4F96-9FF0-6B31133FD2FF}.Release|Any CPU.ActiveCfg = Release|Any CPU
		{49193555-D834-4F96-9FF0-6B31133FD2FF}.Release|Any CPU.Build.0 = Release|Any CPU
		{8235B86B-F45E-4523-856B-7A3F90FE5F59}.Debug|Any CPU.ActiveCfg = Debug|Any CPU
		{8235B86B-F45E-4523-856B-7A3F90FE5F59}.Debug|Any CPU.Build.0 = Debug|Any CPU
		{8235B86B-F45E-4523-856B-7A3F90FE5F59}.Release|Any CPU.ActiveCfg = Release|Any CPU
		{8235B86B-F45E-4523-856B-7A3F90FE5F59}.Release|Any CPU.Build.0 = Release|Any CPU
		{C77CA3AA-497A-4AB4-B9C3-7E37370F217A}.Debug|Any CPU.ActiveCfg = Debug|Any CPU
		{C77CA3AA-497A-4AB4-B9C3-7E37370F217A}.Debug|Any CPU.Build.0 = Debug|Any CPU
		{C77CA3AA-497A-4AB4-B9C3-7E37370F217A}.Release|Any CPU.ActiveCfg = Release|Any CPU
		{C77CA3AA-497A-4AB4-B9C3-7E37370F217A}.Release|Any CPU.Build.0 = Release|Any CPU
	EndGlobalSection
	GlobalSection(SolutionProperties) = preSolution
		HideSolutionNode = FALSE
	EndGlobalSection
	GlobalSection(ExtensibilityGlobals) = postSolution
		SolutionGuid = {510DCFD7-D698-44E6-BDB5-D5C6BB81F7C9}
	EndGlobalSection
EndGlobal
